{
  "version": 1,
  "dependencies": {
    "net9.0": {
      "Microsoft.AspNetCore.Authentication.JwtBearer": {
        "type": "Direct",
        "requested": "[9.0.0, )",
        "resolved": "9.0.0",
        "contentHash": "bs+1Pq3vQdS2lTyxNUd9fEhtMsq3eLUpK36k2t56iDMVrk6OrAoFtvrQrTK0Y0OetTcJrUkGU7hBlf+ORzHLqQ==",
        "dependencies": {
          "Microsoft.IdentityModel.Protocols.OpenIdConnect": "8.0.1"
        }
      },
      "System.IdentityModel.Tokens.Jwt": {
        "type": "Direct",
        "requested": "[8.19.0, )",
        "resolved": "8.19.0",
        "contentHash": "7vzW2pkd7+yv7SMp3oI3ThqFTCPLgwViUQ+tObMUz9zFSLCOlu2qfLDKClpAkG7FTqc1+CUcs2IpoUsu1dEAnQ==",
        "dependencies": {
          "Microsoft.IdentityModel.JsonWebTokens": "8.19.0",
          "Microsoft.IdentityModel.Tokens": "8.19.0"
        }
      },
      "Microsoft.Bcl.Cryptography": {
        "type": "Transitive",
        "resolved": "10.0.2",
        "contentHash": "LG9Yll3B5aNpxv0+D47g6LiOiKBIlodhcHdQwcYzo8VeexFLGqx5ymetmA2aBRyo9cCcWsQWrFsdbsr8LvmWDw=="
      },
      "Microsoft.Extensions.DependencyInjection.Abstractions": {
        "type": "Transitive",
        "resolved": "8.0.0",
        "contentHash": "cjWrLkJXK0rs4zofsK4bSdg+jhDLTaxrkXu4gS6Y7MAlCvRyNNgwY/lJi5RDlQOnSZweHqoyvgvbdvQsRIW+hg=="
      },
      "Microsoft.Extensions.Logging.Abstractions": {
        "type": "Transitive",
        "resolved": "8.0.0",
        "contentHash": "arDBqTgFCyS0EvRV7O3MZturChstm50OJ0y9bDJvAcmEPJm0FFpFyjU/JLYyStNGGey081DvnQYlncNX5SJJGA==",
        "dependencies": {
          "Microsoft.Extensions.DependencyInjection.Abstractions": "8.0.0"
        }
      },
      "Microsoft.IdentityModel.Abstractions": {
        "type": "Transitive",
        "resolved": "8.19.0",
        "contentHash": "DqbQeeyVPXjcSs08En6xCF+gm8T3dsLBURU4VdDTSYi+zs9A15/jNiiGbU49T/6OBq1kR0ooReFUe1AX9UXr+Q=="
      },
      "Microsoft.IdentityModel.JsonWebTokens": {
        "type": "Transitive",
        "resolved": "8.19.0",
        "contentHash": "KLAHgOLyhA30sneeaFhIYvh+X8pb/XZdtcFe3gsCDXTLOFEfP+bMw6rEHyCVzsfj9fqZuIx9fumc0D3cd+To4g==",
        "dependencies": {
          "Microsoft.IdentityModel.Tokens": "8.19.0"
        }
      },
      "Microsoft.IdentityModel.Logging": {
        "type": "Transitive",
        "resolved": "8.19.0",
        "contentHash": "aXsEiyfzu4nW0SN1E/G4/dXZ+S4AGOsgKlKWDudCjHFqoGA7BBob3ohxo/Ysn9lelSHB5J8syRKReQoPwIvokg==",
        "dependencies": {
          "Microsoft.IdentityModel.Abstractions": "8.19.0"
        }
      },
      "Microsoft.IdentityModel.Protocols": {
        "type": "Transitive",
        "resolved": "8.0.1",
        "contentHash": "uA2vpKqU3I2mBBEaeJAWPTjT9v1TZrGWKdgK6G5qJd03CLx83kdiqO9cmiK8/n1erkHzFBwU/RphP83aAe3i3g==",
        "dependencies": {
          "Microsoft.IdentityModel.Tokens": "8.0.1"
        }
      },
      "Microsoft.IdentityModel.Protocols.OpenIdConnect": {
        "type": "Transitive",
        "resolved": "8.0.1",
        "contentHash": "AQDbfpL+yzuuGhO/mQhKNsp44pm5Jv8/BI4KiFXR7beVGZoSH35zMV3PrmcfvSTsyI6qrcR898NzUauD6SRigg==",
        "dependencies": {
          "Microsoft.IdentityModel.Protocols": "8.0.1",
          "System.IdentityModel.Tokens.Jwt": "8.0.1"
        }
      },
      "Microsoft.IdentityModel.Tokens": {
        "type": "Transitive",
        "resolved": "8.19.0",
        "contentHash": "mfGpkjc448G0JfJsPdgT3WMKiyk6QvlQLuNEnOrohgQMcVkCwyUtlfzVDIdliMxN2tOcu1Et81DQQ/+3RMiwfw==",
        "dependencies": {
          "Microsoft.Bcl.Cryptography": "10.0.2",
          "Microsoft.Extensions.Logging.Abstractions": "8.0.0",
          "Microsoft.IdentityModel.Logging": "8.19.0"
        }
      }
    }
  }
}